// !$*UTF8*$!
{
	archiveVersion = 1;
	classes = {
	};
	objectVersion = 56;
	objects = {

/* Begin PBXBuildFile section */
		2D6940F8F6780FA97B9512AE /* Pods_experimentTests.framework in Frameworks */ = {isa = PBXBuildFile; fileRef = 9531C2C21231AA9170F9375A /* Pods_experimentTests.framework */; };
		B7EECD5E8FA599FE15C2AC33 /* Pods_experiment.framework in Frameworks */ = {isa = PBXBuildFile; fileRef = 8653CD28529075639007A15A /* Pods_experiment.framework */; };
		D53D848F903AD6C65FF03343 /* Pods_experiment_experimentUITests.framework in Frameworks */ = {isa = PBXBuildFile; fileRef = CB4B3BD0142B3BD6B4A5E5D1 /* Pods_experiment_experimentUITests.framework */; };
		DF375C822D2D8CD4002C7D3D /* SearchViewCell.swift in Sources */ = {isa = PBXBuildFile; fileRef = DF375C802D2D8CD4002C7D3D /* SearchViewCell.swift */; };
		DF375C832D2D8CD4002C7D3D /* SearchViewCell.xib in Resources */ = {isa = PBXBuildFile; fileRef = DF375C812D2D8CD4002C7D3D /* SearchViewCell.xib */; };
		DF375C852D2D95F7002C7D3D /* DetailViewController.swift in Sources */ = {isa = PBXBuildFile; fileRef = DF375C842D2D95F7002C7D3D /* DetailViewController.swift */; };
		DF375C882D2D996C002C7D3D /* SizeViewCell.swift in Sources */ = {isa = PBXBuildFile; fileRef = DF375C862D2D996C002C7D3D /* SizeViewCell.swift */; };
		DF375C892D2D996C002C7D3D /* SizeViewCell.xib in Resources */ = {isa = PBXBuildFile; fileRef = DF375C872D2D996C002C7D3D /* SizeViewCell.xib */; };
		DF4413CC2D286F5D005CA60F /* LogoutAlertView.swift in Sources */ = {isa = PBXBuildFile; fileRef = DF4413CB2D286F5D005CA60F /* LogoutAlertView.swift */; };
		DF4413CE2D286FC1005CA60F /* LogoutAlertView.xib in Resources */ = {isa = PBXBuildFile; fileRef = DF4413CD2D286FC1005CA60F /* LogoutAlertView.xib */; };
		DF4413D02D2873E2005CA60F /* ProfileViewController.swift in Sources */ = {isa = PBXBuildFile; fileRef = DF4413CF2D2873E2005CA60F /* ProfileViewController.swift */; };
		DF4413D32D2936A2005CA60F /* ViewStyle.swift in Sources */ = {isa = PBXBuildFile; fileRef = DF4413D22D2936A2005CA60F /* ViewStyle.swift */; };
		DF4413D52D2939A5005CA60F /* ButtonStyle.swift in Sources */ = {isa = PBXBuildFile; fileRef = DF4413D42D2939A5005CA60F /* ButtonStyle.swift */; };
		DF4B65E12D231F8F000CB52D /* VerifyViewController.swift in Sources */ = {isa = PBXBuildFile; fileRef = DF4B65E02D231F8F000CB52D /* VerifyViewController.swift */; };
		DF4B65E42D232873000CB52D /* CodeCollectionViewCell.xib in Resources */ = {isa = PBXBuildFile; fileRef = DF4B65E32D232873000CB52D /* CodeCollectionViewCell.xib */; };
		DF4B65E52D232873000CB52D /* CodeCollectionViewCell.swift in Sources */ = {isa = PBXBuildFile; fileRef = DF4B65E22D232873000CB52D /* CodeCollectionViewCell.swift */; };
		DF4CF93E2D20165A00092678 /* Main.storyboard in Resources */ = {isa = PBXBuildFile; fileRef = DF6071BC2C385C3D00441879 /* Main.storyboard */; };
		DF4CF9412D20711100092678 /* PersonalizeViewCell.swift in Sources */ = {isa = PBXBuildFile; fileRef = DF4CF93F2D20711100092678 /* PersonalizeViewCell.swift */; };
		DF4CF9422D20711100092678 /* PersonalizeViewCell.xib in Resources */ = {isa = PBXBuildFile; fileRef = DF4CF9402D20711100092678 /* PersonalizeViewCell.xib */; };
		DF4CF9442D211FAF00092678 /* SubscriptionViewCellViewController.swift in Sources */ = {isa = PBXBuildFile; fileRef = DF4CF9432D211FAF00092678 /* SubscriptionViewCellViewController.swift */; };
		DF4CF9482D215CBA00092678 /* PremiumViewCell.swift in Sources */ = {isa = PBXBuildFile; fileRef = DF4CF9462D215CBA00092678 /* PremiumViewCell.swift */; };
		DF4CF9492D215CBA00092678 /* PremiumViewCell.xib in Resources */ = {isa = PBXBuildFile; fileRef = DF4CF9472D215CBA00092678 /* PremiumViewCell.xib */; };
		DF6071B72C385C3D00441879 /* AppDelegate.swift in Sources */ = {isa = PBXBuildFile; fileRef = DF6071B62C385C3D00441879 /* AppDelegate.swift */; };
		DF6071B92C385C3D00441879 /* SceneDelegate.swift in Sources */ = {isa = PBXBuildFile; fileRef = DF6071B82C385C3D00441879 /* SceneDelegate.swift */; };
		DF6071BB2C385C3D00441879 /* ViewController.swift in Sources */ = {isa = PBXBuildFile; fileRef = DF6071BA2C385C3D00441879 /* ViewController.swift */; };
		DF6071BE2C385C3D00441879 /* Base in Resources */ = {isa = PBXBuildFile; fileRef = DF6071BD2C385C3D00441879 /* Base */; };
		DF6071C02C385C3F00441879 /* Assets.xcassets in Resources */ = {isa = PBXBuildFile; fileRef = DF6071BF2C385C3F00441879 /* Assets.xcassets */; };
		DF6071C32C385C3F00441879 /* Base in Resources */ = {isa = PBXBuildFile; fileRef = DF6071C22C385C3F00441879 /* Base */; };
		DF6071CE2C385C3F00441879 /* experimentTests.swift in Sources */ = {isa = PBXBuildFile; fileRef = DF6071CD2C385C3F00441879 /* experimentTests.swift */; };
		DF6071D82C385C3F00441879 /* experimentUITests.swift in Sources */ = {isa = PBXBuildFile; fileRef = DF6071D72C385C3F00441879 /* experimentUITests.swift */; };
		DF6071DA2C385C3F00441879 /* experimentUITestsLaunchTests.swift in Sources */ = {isa = PBXBuildFile; fileRef = DF6071D92C385C3F00441879 /* experimentUITestsLaunchTests.swift */; };
		DF7BA5A52D2EBDAD00069DC2 /* ColorViewCell.swift in Sources */ = {isa = PBXBuildFile; fileRef = DF7BA5A32D2EBDAD00069DC2 /* ColorViewCell.swift */; };
		DF7BA5A62D2EBDAD00069DC2 /* ColorViewCell.xib in Resources */ = {isa = PBXBuildFile; fileRef = DF7BA5A42D2EBDAD00069DC2 /* ColorViewCell.xib */; };
		DF8AC83B2D2ED0A000B9D313 /* OptionViewCell.xib in Resources */ = {isa = PBXBuildFile; fileRef = DF8AC83A2D2ED0A000B9D313 /* OptionViewCell.xib */; };
		DF8AC83C2D2ED0A000B9D313 /* OptionViewCell.swift in Sources */ = {isa = PBXBuildFile; fileRef = DF8AC8392D2ED0A000B9D313 /* OptionViewCell.swift */; };
		DF8AC8442D2EEDE000B9D313 /* OptionHeaderView.swift in Sources */ = {isa = PBXBuildFile; fileRef = DF8AC8432D2EEDE000B9D313 /* OptionHeaderView.swift */; };
		DF8AC8462D2EEDF000B9D313 /* OptionHeaderView.xib in Resources */ = {isa = PBXBuildFile; fileRef = DF8AC8452D2EEDF000B9D313 /* OptionHeaderView.xib */; };
		DF96E7332D1A87B0006E843D /* Manrope-Bold.ttf in Resources */ = {isa = PBXBuildFile; fileRef = DF96E72F2D1A87B0006E843D /* Manrope-Bold.ttf */; };
		DF96E7342D1A87B0006E843D /* Manrope-Regular.ttf in Resources */ = {isa = PBXBuildFile; fileRef = DF96E7302D1A87B0006E843D /* Manrope-Regular.ttf */; };
		DF96E7352D1A87B0006E843D /* Manrope-SemiBold.ttf in Resources */ = {isa = PBXBuildFile; fileRef = DF96E7312D1A87B0006E843D /* Manrope-SemiBold.ttf */; };
		DF96E7362D1A87B0006E843D /* Manrope-Medium.ttf in Resources */ = {isa = PBXBuildFile; fileRef = DF96E7322D1A87B0006E843D /* Manrope-Medium.ttf */; };
		DF97CA722D2403E8008E9222 /* ExploreViewControllver.swift in Sources */ = {isa = PBXBuildFile; fileRef = DF97CA712D2403E8008E9222 /* ExploreViewControllver.swift */; };
		DF97CA752D241459008E9222 /* PerfectViewCell.xib in Resources */ = {isa = PBXBuildFile; fileRef = DF97CA742D241459008E9222 /* PerfectViewCell.xib */; };
		DF97CA762D241459008E9222 /* PerfectViewCell.swift in Sources */ = {isa = PBXBuildFile; fileRef = DF97CA732D241459008E9222 /* PerfectViewCell.swift */; };
		DF97CA792D241CF2008E9222 /* EventViewCell.xib in Resources */ = {isa = PBXBuildFile; fileRef = DF97CA782D241CF2008E9222 /* EventViewCell.xib */; };
		DF97CA7A2D241CF2008E9222 /* EventViewCell.swift in Sources */ = {isa = PBXBuildFile; fileRef = DF97CA772D241CF2008E9222 /* EventViewCell.swift */; };
		DFA00B162D29C2A70042167A /* SearchViewController.swift in Sources */ = {isa = PBXBuildFile; fileRef = DFA00B152D29C2A70042167A /* SearchViewController.swift */; };
		DFA00B182D2A99AC0042167A /* InputStyle.swift in Sources */ = {isa = PBXBuildFile; fileRef = DFA00B172D2A99AC0042167A /* InputStyle.swift */; };
		DFC9BF662D257B2B00A607D8 /* CartViewCell.swift in Sources */ = {isa = PBXBuildFile; fileRef = DFC9BF642D257B2B00A607D8 /* CartViewCell.swift */; };
		DFC9BF672D257B2B00A607D8 /* CartViewCell.xib in Resources */ = {isa = PBXBuildFile; fileRef = DFC9BF652D257B2B00A607D8 /* CartViewCell.xib */; };
		DFC9BF692D257BC500A607D8 /* CartViewController.swift in Sources */ = {isa = PBXBuildFile; fileRef = DFC9BF682D257BC500A607D8 /* CartViewController.swift */; };
		DFD05E572D15DE9900DC8D31 /* UIInputField.swift in Sources */ = {isa = PBXBuildFile; fileRef = DFD05E562D15DE9900DC8D31 /* UIInputField.swift */; };
		DFD5CED92D22EA9E001F3A51 /* OnboardViewController.swift in Sources */ = {isa = PBXBuildFile; fileRef = DFD5CED82D22EA9E001F3A51 /* OnboardViewController.swift */; };
		DFD5CEDB2D22F56D001F3A51 /* SocialRound.swift in Sources */ = {isa = PBXBuildFile; fileRef = DFD5CEDA2D22F56D001F3A51 /* SocialRound.swift */; };
		DFE2E2392D0D5A5400D93079 /* LoginViewController.swift in Sources */ = {isa = PBXBuildFile; fileRef = DFE2E2382D0D5A5400D93079 /* LoginViewController.swift */; };
		DFE2E23B2D0D5A7900D93079 /* WelcomeViewController.swift in Sources */ = {isa = PBXBuildFile; fileRef = DFE2E23A2D0D5A7900D93079 /* WelcomeViewController.swift */; };
		DFF8158E2D1D8ADF00596C5B /* ApiService.swift in Sources */ = {isa = PBXBuildFile; fileRef = DFF8158D2D1D8ADF00596C5B /* ApiService.swift */; };
		DFF815942D1D995300596C5B /* UIApplication.swift in Sources */ = {isa = PBXBuildFile; fileRef = DFF815932D1D995300596C5B /* UIApplication.swift */; };
		DFF815982D1DA19C00596C5B /* UICButton.swift in Sources */ = {isa = PBXBuildFile; fileRef = DFF815972D1DA19C00596C5B /* UICButton.swift */; };
		DFF8159D2D1DE47E00596C5B /* UICCollectionViewCell.swift in Sources */ = {isa = PBXBuildFile; fileRef = DFF8159C2D1DE47E00596C5B /* UICCollectionViewCell.swift */; };
		DFF8159F2D1DE59700596C5B /* Posts.swift in Sources */ = {isa = PBXBuildFile; fileRef = DFF8159E2D1DE59700596C5B /* Posts.swift */; };
		DFF815A42D20049D00596C5B /* UICircleView.swift in Sources */ = {isa = PBXBuildFile; fileRef = DFF815A32D20049D00596C5B /* UICircleView.swift */; };
		DFF815A62D20128B00596C5B /* PersonalizedViewController.swift in Sources */ = {isa = PBXBuildFile; fileRef = DFF815A52D20128A00596C5B /* PersonalizedViewController.swift */; };
/* End PBXBuildFile section */

/* Begin PBXContainerItemProxy section */
		DF6071CA2C385C3F00441879 /* PBXContainerItemProxy */ = {
			isa = PBXContainerItemProxy;
			containerPortal = DF6071AB2C385C3D00441879 /* Project object */;
			proxyType = 1;
			remoteGlobalIDString = DF6071B22C385C3D00441879;
			remoteInfo = experiment;
		};
		DF6071D42C385C3F00441879 /* PBXContainerItemProxy */ = {
			isa = PBXContainerItemProxy;
			containerPortal = DF6071AB2C385C3D00441879 /* Project object */;
			proxyType = 1;
			remoteGlobalIDString = DF6071B22C385C3D00441879;
			remoteInfo = experiment;
		};
/* End PBXContainerItemProxy section */

/* Begin PBXFileReference section */
		0771AABDEA859F82B2B81B23 /* Pods-experimentTests.debug.xcconfig */ = {isa = PBXFileReference; includeInIndex = 1; lastKnownFileType = text.xcconfig; name = "Pods-experimentTests.debug.xcconfig"; path = "Target Support Files/Pods-experimentTests/Pods-experimentTests.debug.xcconfig"; sourceTree = "<group>"; };
		25CFD0055C46287537F4828C /* Pods-experiment.debug.xcconfig */ = {isa = PBXFileReference; includeInIndex = 1; lastKnownFileType = text.xcconfig; name = "Pods-experiment.debug.xcconfig"; path = "Target Support Files/Pods-experiment/Pods-experiment.debug.xcconfig"; sourceTree = "<group>"; };
		8653CD28529075639007A15A /* Pods_experiment.framework */ = {isa = PBXFileReference; explicitFileType = wrapper.framework; includeInIndex = 0; path = Pods_experiment.framework; sourceTree = BUILT_PRODUCTS_DIR; };
		9531C2C21231AA9170F9375A /* Pods_experimentTests.framework */ = {isa = PBXFileReference; explicitFileType = wrapper.framework; includeInIndex = 0; path = Pods_experimentTests.framework; sourceTree = BUILT_PRODUCTS_DIR; };
		B182F3B18B52445DB4789604 /* Pods-experimentTests.release.xcconfig */ = {isa = PBXFileReference; includeInIndex = 1; lastKnownFileType = text.xcconfig; name = "Pods-experimentTests.release.xcconfig"; path = "Target Support Files/Pods-experimentTests/Pods-experimentTests.release.xcconfig"; sourceTree = "<group>"; };
		C329E49C8BE21E52406A478B /* Pods-experiment-experimentUITests.debug.xcconfig */ = {isa = PBXFileReference; includeInIndex = 1; lastKnownFileType = text.xcconfig; name = "Pods-experiment-experimentUITests.debug.xcconfig"; path = "Target Support Files/Pods-experiment-experimentUITests/Pods-experiment-experimentUITests.debug.xcconfig"; sourceTree = "<group>"; };
		CB4B3BD0142B3BD6B4A5E5D1 /* Pods_experiment_experimentUITests.framework */ = {isa = PBXFileReference; explicitFileType = wrapper.framework; includeInIndex = 0; path = Pods_experiment_experimentUITests.framework; sourceTree = BUILT_PRODUCTS_DIR; };
		D64021ACA49526BB0C25C583 /* Pods-experiment-experimentUITests.release.xcconfig */ = {isa = PBXFileReference; includeInIndex = 1; lastKnownFileType = text.xcconfig; name = "Pods-experiment-experimentUITests.release.xcconfig"; path = "Target Support Files/Pods-experiment-experimentUITests/Pods-experiment-experimentUITests.release.xcconfig"; sourceTree = "<group>"; };
		D8B24BFBA085E02BFFCB7BE0 /* Pods-experiment.release.xcconfig */ = {isa = PBXFileReference; includeInIndex = 1; lastKnownFileType = text.xcconfig; name = "Pods-experiment.release.xcconfig"; path = "Target Support Files/Pods-experiment/Pods-experiment.release.xcconfig"; sourceTree = "<group>"; };
		DF375C802D2D8CD4002C7D3D /* SearchViewCell.swift */ = {isa = PBXFileReference; lastKnownFileType = sourcecode.swift; path = SearchViewCell.swift; sourceTree = "<group>"; };
		DF375C812D2D8CD4002C7D3D /* SearchViewCell.xib */ = {isa = PBXFileReference; lastKnownFileType = file.xib; path = SearchViewCell.xib; sourceTree = "<group>"; };
		DF375C842D2D95F7002C7D3D /* DetailViewController.swift */ = {isa = PBXFileReference; lastKnownFileType = sourcecode.swift; path = DetailViewController.swift; sourceTree = "<group>"; };
		DF375C862D2D996C002C7D3D /* SizeViewCell.swift */ = {isa = PBXFileReference; lastKnownFileType = sourcecode.swift; path = SizeViewCell.swift; sourceTree = "<group>"; };
		DF375C872D2D996C002C7D3D /* SizeViewCell.xib */ = {isa = PBXFileReference; lastKnownFileType = file.xib; path = SizeViewCell.xib; sourceTree = "<group>"; };
		DF4413CB2D286F5D005CA60F /* LogoutAlertView.swift */ = {isa = PBXFileReference; lastKnownFileType = sourcecode.swift; path = LogoutAlertView.swift; sourceTree = "<group>"; };
		DF4413CD2D286FC1005CA60F /* LogoutAlertView.xib */ = {isa = PBXFileReference; lastKnownFileType = file.xib; path = LogoutAlertView.xib; sourceTree = "<group>"; };
		DF4413CF2D2873E2005CA60F /* ProfileViewController.swift */ = {isa = PBXFileReference; lastKnownFileType = sourcecode.swift; path = ProfileViewController.swift; sourceTree = "<group>"; };
		DF4413D22D2936A2005CA60F /* ViewStyle.swift */ = {isa = PBXFileReference; lastKnownFileType = sourcecode.swift; path = ViewStyle.swift; sourceTree = "<group>"; };
		DF4413D42D2939A5005CA60F /* ButtonStyle.swift */ = {isa = PBXFileReference; lastKnownFileType = sourcecode.swift; path = ButtonStyle.swift; sourceTree = "<group>"; };
		DF4B65E02D231F8F000CB52D /* VerifyViewController.swift */ = {isa = PBXFileReference; lastKnownFileType = sourcecode.swift; path = VerifyViewController.swift; sourceTree = "<group>"; };
		DF4B65E22D232873000CB52D /* CodeCollectionViewCell.swift */ = {isa = PBXFileReference; lastKnownFileType = sourcecode.swift; path = CodeCollectionViewCell.swift; sourceTree = "<group>"; };
		DF4B65E32D232873000CB52D /* CodeCollectionViewCell.xib */ = {isa = PBXFileReference; lastKnownFileType = file.xib; path = CodeCollectionViewCell.xib; sourceTree = "<group>"; };
		DF4CF93F2D20711100092678 /* PersonalizeViewCell.swift */ = {isa = PBXFileReference; lastKnownFileType = sourcecode.swift; path = PersonalizeViewCell.swift; sourceTree = "<group>"; };
		DF4CF9402D20711100092678 /* PersonalizeViewCell.xib */ = {isa = PBXFileReference; lastKnownFileType = file.xib; path = PersonalizeViewCell.xib; sourceTree = "<group>"; };
		DF4CF9432D211FAF00092678 /* SubscriptionViewCellViewController.swift */ = {isa = PBXFileReference; lastKnownFileType = sourcecode.swift; path = SubscriptionViewCellViewController.swift; sourceTree = "<group>"; };
		DF4CF9462D215CBA00092678 /* PremiumViewCell.swift */ = {isa = PBXFileReference; lastKnownFileType = sourcecode.swift; path = PremiumViewCell.swift; sourceTree = "<group>"; };
		DF4CF9472D215CBA00092678 /* PremiumViewCell.xib */ = {isa = PBXFileReference; lastKnownFileType = file.xib; path = PremiumViewCell.xib; sourceTree = "<group>"; };
		DF6071B32C385C3D00441879 /* experiment.app */ = {isa = PBXFileReference; explicitFileType = wrapper.application; includeInIndex = 0; path = experiment.app; sourceTree = BUILT_PRODUCTS_DIR; };
		DF6071B62C385C3D00441879 /* AppDelegate.swift */ = {isa = PBXFileReference; lastKnownFileType = sourcecode.swift; path = AppDelegate.swift; sourceTree = "<group>"; };
		DF6071B82C385C3D00441879 /* SceneDelegate.swift */ = {isa = PBXFileReference; lastKnownFileType = sourcecode.swift; path = SceneDelegate.swift; sourceTree = "<group>"; };
		DF6071BA2C385C3D00441879 /* ViewController.swift */ = {isa = PBXFileReference; lastKnownFileType = sourcecode.swift; path = ViewController.swift; sourceTree = "<group>"; };
		DF6071BD2C385C3D00441879 /* Base */ = {isa = PBXFileReference; lastKnownFileType = file.storyboard; name = Base; path = Base.lproj/Main.storyboard; sourceTree = "<group>"; };
		DF6071BF2C385C3F00441879 /* Assets.xcassets */ = {isa = PBXFileReference; lastKnownFileType = folder.assetcatalog; path = Assets.xcassets; sourceTree = "<group>"; };
		DF6071C22C385C3F00441879 /* Base */ = {isa = PBXFileReference; lastKnownFileType = file.storyboard; name = Base; path = Base.lproj/LaunchScreen.storyboard; sourceTree = "<group>"; };
		DF6071C42C385C3F00441879 /* Info.plist */ = {isa = PBXFileReference; lastKnownFileType = text.plist.xml; path = Info.plist; sourceTree = "<group>"; };
		DF6071C92C385C3F00441879 /* experimentTests.xctest */ = {isa = PBXFileReference; explicitFileType = wrapper.cfbundle; includeInIndex = 0; path = experimentTests.xctest; sourceTree = BUILT_PRODUCTS_DIR; };
		DF6071CD2C385C3F00441879 /* experimentTests.swift */ = {isa = PBXFileReference; lastKnownFileType = sourcecode.swift; path = experimentTests.swift; sourceTree = "<group>"; };
		DF6071D32C385C3F00441879 /* experimentUITests.xctest */ = {isa = PBXFileReference; explicitFileType = wrapper.cfbundle; includeInIndex = 0; path = experimentUITests.xctest; sourceTree = BUILT_PRODUCTS_DIR; };
		DF6071D72C385C3F00441879 /* experimentUITests.swift */ = {isa = PBXFileReference; lastKnownFileType = sourcecode.swift; path = experimentUITests.swift; sourceTree = "<group>"; };
		DF6071D92C385C3F00441879 /* experimentUITestsLaunchTests.swift */ = {isa = PBXFileReference; lastKnownFileType = sourcecode.swift; path = experimentUITestsLaunchTests.swift; sourceTree = "<group>"; };
		DF7BA5A32D2EBDAD00069DC2 /* ColorViewCell.swift */ = {isa = PBXFileReference; lastKnownFileType = sourcecode.swift; path = ColorViewCell.swift; sourceTree = "<group>"; };
		DF7BA5A42D2EBDAD00069DC2 /* ColorViewCell.xib */ = {isa = PBXFileReference; lastKnownFileType = file.xib; path = ColorViewCell.xib; sourceTree = "<group>"; };
		DF8AC8392D2ED0A000B9D313 /* OptionViewCell.swift */ = {isa = PBXFileReference; lastKnownFileType = sourcecode.swift; path = OptionViewCell.swift; sourceTree = "<group>"; };
		DF8AC83A2D2ED0A000B9D313 /* OptionViewCell.xib */ = {isa = PBXFileReference; lastKnownFileType = file.xib; path = OptionViewCell.xib; sourceTree = "<group>"; };
		DF8AC8432D2EEDE000B9D313 /* OptionHeaderView.swift */ = {isa = PBXFileReference; lastKnownFileType = sourcecode.swift; path = OptionHeaderView.swift; sourceTree = "<group>"; };
		DF8AC8452D2EEDF000B9D313 /* OptionHeaderView.xib */ = {isa = PBXFileReference; lastKnownFileType = file.xib; path = OptionHeaderView.xib; sourceTree = "<group>"; };
		DF96E72F2D1A87B0006E843D /* Manrope-Bold.ttf */ = {isa = PBXFileReference; lastKnownFileType = file; path = "Manrope-Bold.ttf"; sourceTree = "<group>"; };
		DF96E7302D1A87B0006E843D /* Manrope-Regular.ttf */ = {isa = PBXFileReference; lastKnownFileType = file; path = "Manrope-Regular.ttf"; sourceTree = "<group>"; };
		DF96E7312D1A87B0006E843D /* Manrope-SemiBold.ttf */ = {isa = PBXFileReference; lastKnownFileType = file; path = "Manrope-SemiBold.ttf"; sourceTree = "<group>"; };
		DF96E7322D1A87B0006E843D /* Manrope-Medium.ttf */ = {isa = PBXFileReference; lastKnownFileType = file; path = "Manrope-Medium.ttf"; sourceTree = "<group>"; };
		DF97CA712D2403E8008E9222 /* ExploreViewControllver.swift */ = {isa = PBXFileReference; lastKnownFileType = sourcecode.swift; path = ExploreViewControllver.swift; sourceTree = "<group>"; };
		DF97CA732D241459008E9222 /* PerfectViewCell.swift */ = {isa = PBXFileReference; lastKnownFileType = sourcecode.swift; path = PerfectViewCell.swift; sourceTree = "<group>"; };
		DF97CA742D241459008E9222 /* PerfectViewCell.xib */ = {isa = PBXFileReference; lastKnownFileType = file.xib; path = PerfectViewCell.xib; sourceTree = "<group>"; };
		DF97CA772D241CF2008E9222 /* EventViewCell.swift */ = {isa = PBXFileReference; lastKnownFileType = sourcecode.swift; path = EventViewCell.swift; sourceTree = "<group>"; };
		DF97CA782D241CF2008E9222 /* EventViewCell.xib */ = {isa = PBXFileReference; lastKnownFileType = file.xib; path = EventViewCell.xib; sourceTree = "<group>"; };
		DFA00B152D29C2A70042167A /* SearchViewController.swift */ = {isa = PBXFileReference; lastKnownFileType = sourcecode.swift; path = SearchViewController.swift; sourceTree = "<group>"; };
		DFA00B172D2A99AC0042167A /* InputStyle.swift */ = {isa = PBXFileReference; lastKnownFileType = sourcecode.swift; path = InputStyle.swift; sourceTree = "<group>"; };
		DFC9BF642D257B2B00A607D8 /* CartViewCell.swift */ = {isa = PBXFileReference; lastKnownFileType = sourcecode.swift; path = CartViewCell.swift; sourceTree = "<group>"; };
		DFC9BF652D257B2B00A607D8 /* CartViewCell.xib */ = {isa = PBXFileReference; lastKnownFileType = file.xib; path = CartViewCell.xib; sourceTree = "<group>"; };
		DFC9BF682D257BC500A607D8 /* CartViewController.swift */ = {isa = PBXFileReference; lastKnownFileType = sourcecode.swift; path = CartViewController.swift; sourceTree = "<group>"; };
		DFD05E562D15DE9900DC8D31 /* UIInputField.swift */ = {isa = PBXFileReference; lastKnownFileType = sourcecode.swift; path = UIInputField.swift; sourceTree = "<group>"; };
		DFD5CED82D22EA9E001F3A51 /* OnboardViewController.swift */ = {isa = PBXFileReference; lastKnownFileType = sourcecode.swift; path = OnboardViewController.swift; sourceTree = "<group>"; };
		DFD5CEDA2D22F56D001F3A51 /* SocialRound.swift */ = {isa = PBXFileReference; lastKnownFileType = sourcecode.swift; path = SocialRound.swift; sourceTree = "<group>"; };
		DFE2E2382D0D5A5400D93079 /* LoginViewController.swift */ = {isa = PBXFileReference; lastKnownFileType = sourcecode.swift; path = LoginViewController.swift; sourceTree = "<group>"; };
		DFE2E23A2D0D5A7900D93079 /* WelcomeViewController.swift */ = {isa = PBXFileReference; lastKnownFileType = sourcecode.swift; path = WelcomeViewController.swift; sourceTree = "<group>"; };
		DFF8158D2D1D8ADF00596C5B /* ApiService.swift */ = {isa = PBXFileReference; lastKnownFileType = sourcecode.swift; path = ApiService.swift; sourceTree = "<group>"; };
		DFF815932D1D995300596C5B /* UIApplication.swift */ = {isa = PBXFileReference; lastKnownFileType = sourcecode.swift; path = UIApplication.swift; sourceTree = "<group>"; };
		DFF815972D1DA19C00596C5B /* UICButton.swift */ = {isa = PBXFileReference; lastKnownFileType = sourcecode.swift; path = UICButton.swift; sourceTree = "<group>"; };
		DFF8159C2D1DE47E00596C5B /* UICCollectionViewCell.swift */ = {isa = PBXFileReference; lastKnownFileType = sourcecode.swift; path = UICCollectionViewCell.swift; sourceTree = "<group>"; };
		DFF8159E2D1DE59700596C5B /* Posts.swift */ = {isa = PBXFileReference; lastKnownFileType = sourcecode.swift; path = Posts.swift; sourceTree = "<group>"; };
		DFF815A32D20049D00596C5B /* UICircleView.swift */ = {isa = PBXFileReference; lastKnownFileType = sourcecode.swift; path = UICircleView.swift; sourceTree = "<group>"; };
		DFF815A52D20128A00596C5B /* PersonalizedViewController.swift */ = {isa = PBXFileReference; lastKnownFileType = sourcecode.swift; path = PersonalizedViewController.swift; sourceTree = "<group>"; };
/* End PBXFileReference section */

/* Begin PBXFrameworksBuildPhase section */
		DF6071B02C385C3D00441879 /* Frameworks */ = {
			isa = PBXFrameworksBuildPhase;
			buildActionMask = 2147483647;
			files = (
				B7EECD5E8FA599FE15C2AC33 /* Pods_experiment.framework in Frameworks */,
			);
			runOnlyForDeploymentPostprocessing = 0;
		};
		DF6071C62C385C3F00441879 /* Frameworks */ = {
			isa = PBXFrameworksBuildPhase;
			buildActionMask = 2147483647;
			files = (
				2D6940F8F6780FA97B9512AE /* Pods_experimentTests.framework in Frameworks */,
			);
			runOnlyForDeploymentPostprocessing = 0;
		};
		DF6071D02C385C3F00441879 /* Frameworks */ = {
			isa = PBXFrameworksBuildPhase;
			buildActionMask = 2147483647;
			files = (
				D53D848F903AD6C65FF03343 /* Pods_experiment_experimentUITests.framework in Frameworks */,
			);
			runOnlyForDeploymentPostprocessing = 0;
		};
/* End PBXFrameworksBuildPhase section */

/* Begin PBXGroup section */
		8A775064AB764B26EAD25193 /* Frameworks */ = {
			isa = PBXGroup;
			children = (
				8653CD28529075639007A15A /* Pods_experiment.framework */,
				CB4B3BD0142B3BD6B4A5E5D1 /* Pods_experiment_experimentUITests.framework */,
				9531C2C21231AA9170F9375A /* Pods_experimentTests.framework */,
			);
			name = Frameworks;
			sourceTree = "<group>";
		};
		AED4EBE326380000C284C95D /* Pods */ = {
			isa = PBXGroup;
			children = (
				25CFD0055C46287537F4828C /* Pods-experiment.debug.xcconfig */,
				D8B24BFBA085E02BFFCB7BE0 /* Pods-experiment.release.xcconfig */,
				C329E49C8BE21E52406A478B /* Pods-experiment-experimentUITests.debug.xcconfig */,
				D64021ACA49526BB0C25C583 /* Pods-experiment-experimentUITests.release.xcconfig */,
				0771AABDEA859F82B2B81B23 /* Pods-experimentTests.debug.xcconfig */,
				B182F3B18B52445DB4789604 /* Pods-experimentTests.release.xcconfig */,
			);
			path = Pods;
			sourceTree = "<group>";
		};
		DF4413D12D293622005CA60F /* styles */ = {
			isa = PBXGroup;
			children = (
				DF4413D22D2936A2005CA60F /* ViewStyle.swift */,
				DF4413D42D2939A5005CA60F /* ButtonStyle.swift */,
				DFA00B172D2A99AC0042167A /* InputStyle.swift */,
			);
			path = styles;
			sourceTree = "<group>";
		};
		DF4CF9452D215C3F00092678 /* xib */ = {
			isa = PBXGroup;
			children = (
				DF8AC83A2D2ED0A000B9D313 /* OptionViewCell.xib */,
				DF7BA5A42D2EBDAD00069DC2 /* ColorViewCell.xib */,
				DF375C812D2D8CD4002C7D3D /* SearchViewCell.xib */,
				DF375C872D2D996C002C7D3D /* SizeViewCell.xib */,
				DF97CA782D241CF2008E9222 /* EventViewCell.xib */,
				DFC9BF652D257B2B00A607D8 /* CartViewCell.xib */,
				DF97CA742D241459008E9222 /* PerfectViewCell.xib */,
				DF4B65E32D232873000CB52D /* CodeCollectionViewCell.xib */,
				DF4CF9402D20711100092678 /* PersonalizeViewCell.xib */,
				DF4CF9472D215CBA00092678 /* PremiumViewCell.xib */,
				DF4413CD2D286FC1005CA60F /* LogoutAlertView.xib */,
				DF8AC8452D2EEDF000B9D313 /* OptionHeaderView.xib */,
			);
			path = xib;
			sourceTree = "<group>";
		};
		DF6071AA2C385C3D00441879 = {
			isa = PBXGroup;
			children = (
				DF6071B52C385C3D00441879 /* experiment */,
				DF6071CC2C385C3F00441879 /* experimentTests */,
				DF6071D62C385C3F00441879 /* experimentUITests */,
				DF6071B42C385C3D00441879 /* Products */,
				AED4EBE326380000C284C95D /* Pods */,
				8A775064AB764B26EAD25193 /* Frameworks */,
			);
			sourceTree = "<group>";
		};
		DF6071B42C385C3D00441879 /* Products */ = {
			isa = PBXGroup;
			children = (
				DF6071B32C385C3D00441879 /* experiment.app */,
				DF6071C92C385C3F00441879 /* experimentTests.xctest */,
				DF6071D32C385C3F00441879 /* experimentUITests.xctest */,
			);
			name = Products;
			sourceTree = "<group>";
		};
		DF6071B52C385C3D00441879 /* experiment */ = {
			isa = PBXGroup;
			children = (
				DF6071B62C385C3D00441879 /* AppDelegate.swift */,
				DF6071B82C385C3D00441879 /* SceneDelegate.swift */,
				DF6071BA2C385C3D00441879 /* ViewController.swift */,
				DF6071BC2C385C3D00441879 /* Main.storyboard */,
				DF6071BF2C385C3F00441879 /* Assets.xcassets */,
				DF6071C12C385C3F00441879 /* LaunchScreen.storyboard */,
				DF6071C42C385C3F00441879 /* Info.plist */,
				DFF815992D1DDBB600596C5B /* Controllers */,
				DFF815922D1D98FE00596C5B /* extension */,
				DF96E72E2D1A8795006E843D /* fonts */,
				DF4413D12D293622005CA60F /* styles */,
				DFD05E5A2D15DEDC00DC8D31 /* UIViewClasses */,
				DF4CF9452D215C3F00092678 /* xib */,
				DFF8158F2D1D984E00596C5B /* services */,
				DFF815A02D1DE59E00596C5B /* modals */,
			);
			path = experiment;
			sourceTree = "<group>";
		};
		DF6071CC2C385C3F00441879 /* experimentTests */ = {
			isa = PBXGroup;
			children = (
				DF6071CD2C385C3F00441879 /* experimentTests.swift */,
			);
			path = experimentTests;
			sourceTree = "<group>";
		};
		DF6071D62C385C3F00441879 /* experimentUITests */ = {
			isa = PBXGroup;
			children = (
				DF6071D72C385C3F00441879 /* experimentUITests.swift */,
				DF6071D92C385C3F00441879 /* experimentUITestsLaunchTests.swift */,
			);
			path = experimentUITests;
			sourceTree = "<group>";
		};
		DF96E72E2D1A8795006E843D /* fonts */ = {
			isa = PBXGroup;
			children = (
				DF96E72F2D1A87B0006E843D /* Manrope-Bold.ttf */,
				DF96E7322D1A87B0006E843D /* Manrope-Medium.ttf */,
				DF96E7302D1A87B0006E843D /* Manrope-Regular.ttf */,
				DF96E7312D1A87B0006E843D /* Manrope-SemiBold.ttf */,
			);
			path = fonts;
			sourceTree = "<group>";
		};
		DF97CA702D2403C5008E9222 /* TabControllers */ = {
			isa = PBXGroup;
			children = (
				DF97CA712D2403E8008E9222 /* ExploreViewControllver.swift */,
				DFC9BF682D257BC500A607D8 /* CartViewController.swift */,
				DF4413CF2D2873E2005CA60F /* ProfileViewController.swift */,
				DFA00B152D29C2A70042167A /* SearchViewController.swift */,
				DF375C842D2D95F7002C7D3D /* DetailViewController.swift */,
			);
			path = TabControllers;
			sourceTree = "<group>";
		};
		DFD05E5A2D15DEDC00DC8D31 /* UIViewClasses */ = {
			isa = PBXGroup;
			children = (
				DFD05E562D15DE9900DC8D31 /* UIInputField.swift */,
				DFF815972D1DA19C00596C5B /* UICButton.swift */,
				DFF8159C2D1DE47E00596C5B /* UICCollectionViewCell.swift */,
				DFF815A32D20049D00596C5B /* UICircleView.swift */,
				DF4CF93F2D20711100092678 /* PersonalizeViewCell.swift */,
				DF4CF9462D215CBA00092678 /* PremiumViewCell.swift */,
				DFD5CEDA2D22F56D001F3A51 /* SocialRound.swift */,
				DF4B65E22D232873000CB52D /* CodeCollectionViewCell.swift */,
				DF97CA732D241459008E9222 /* PerfectViewCell.swift */,
				DF97CA772D241CF2008E9222 /* EventViewCell.swift */,
				DFC9BF642D257B2B00A607D8 /* CartViewCell.swift */,
				DF4413CB2D286F5D005CA60F /* LogoutAlertView.swift */,
				DF375C802D2D8CD4002C7D3D /* SearchViewCell.swift */,
				DF375C862D2D996C002C7D3D /* SizeViewCell.swift */,
				DF7BA5A32D2EBDAD00069DC2 /* ColorViewCell.swift */,
				DF8AC8392D2ED0A000B9D313 /* OptionViewCell.swift */,
				DF8AC8432D2EEDE000B9D313 /* OptionHeaderView.swift */,
			);
			path = UIViewClasses;
			sourceTree = "<group>";
		};
		DFF8158F2D1D984E00596C5B /* services */ = {
			isa = PBXGroup;
			children = (
				DFF8158D2D1D8ADF00596C5B /* ApiService.swift */,
			);
			path = services;
			sourceTree = "<group>";
		};
		DFF815922D1D98FE00596C5B /* extension */ = {
			isa = PBXGroup;
			children = (
				DFF815932D1D995300596C5B /* UIApplication.swift */,
			);
			path = extension;
			sourceTree = "<group>";
		};
		DFF815992D1DDBB600596C5B /* Controllers */ = {
			isa = PBXGroup;
			children = (
				DFE2E2382D0D5A5400D93079 /* LoginViewController.swift */,
				DFE2E23A2D0D5A7900D93079 /* WelcomeViewController.swift */,
				DFF815A52D20128A00596C5B /* PersonalizedViewController.swift */,
				DF4CF9432D211FAF00092678 /* SubscriptionViewCellViewController.swift */,
				DF97CA702D2403C5008E9222 /* TabControllers */,
				DFD5CED82D22EA9E001F3A51 /* OnboardViewController.swift */,
				DF4B65E02D231F8F000CB52D /* VerifyViewController.swift */,
			);
			path = Controllers;
			sourceTree = "<group>";
		};
		DFF815A02D1DE59E00596C5B /* modals */ = {
			isa = PBXGroup;
			children = (
				DFF8159E2D1DE59700596C5B /* Posts.swift */,
			);
			path = modals;
			sourceTree = "<group>";
		};
/* End PBXGroup section */

/* Begin PBXNativeTarget section */
		DF6071B22C385C3D00441879 /* experiment */ = {
			isa = PBXNativeTarget;
			buildConfigurationList = DF6071DD2C385C3F00441879 /* Build configuration list for PBXNativeTarget "experiment" */;
			buildPhases = (
				8ECB55D95B4AD03C246C804D /* [CP] Check Pods Manifest.lock */,
				DF6071AF2C385C3D00441879 /* Sources */,
				DF6071B02C385C3D00441879 /* Frameworks */,
				DF6071B12C385C3D00441879 /* Resources */,
			);
			buildRules = (
			);
			dependencies = (
			);
			name = experiment;
			productName = experiment;
			productReference = DF6071B32C385C3D00441879 /* experiment.app */;
			productType = "com.apple.product-type.application";
		};
		DF6071C82C385C3F00441879 /* experimentTests */ = {
			isa = PBXNativeTarget;
			buildConfigurationList = DF6071E02C385C3F00441879 /* Build configuration list for PBXNativeTarget "experimentTests" */;
			buildPhases = (
				F87D4D4F31527BC256C152D8 /* [CP] Check Pods Manifest.lock */,
				DF6071C52C385C3F00441879 /* Sources */,
				DF6071C62C385C3F00441879 /* Frameworks */,
				DF6071C72C385C3F00441879 /* Resources */,
			);
			buildRules = (
			);
			dependencies = (
				DF6071CB2C385C3F00441879 /* PBXTargetDependency */,
			);
			name = experimentTests;
			productName = experimentTests;
			productReference = DF6071C92C385C3F00441879 /* experimentTests.xctest */;
			productType = "com.apple.product-type.bundle.unit-test";
		};
		DF6071D22C385C3F00441879 /* experimentUITests */ = {
			isa = PBXNativeTarget;
			buildConfigurationList = DF6071E32C385C3F00441879 /* Build configuration list for PBXNativeTarget "experimentUITests" */;
			buildPhases = (
				92970822057FACB7D7D8ECD4 /* [CP] Check Pods Manifest.lock */,
				DF6071CF2C385C3F00441879 /* Sources */,
				DF6071D02C385C3F00441879 /* Frameworks */,
				DF6071D12C385C3F00441879 /* Resources */,
			);
			buildRules = (
			);
			dependencies = (
				DF6071D52C385C3F00441879 /* PBXTargetDependency */,
			);
			name = experimentUITests;
			productName = experimentUITests;
			productReference = DF6071D32C385C3F00441879 /* experimentUITests.xctest */;
			productType = "com.apple.product-type.bundle.ui-testing";
		};
/* End PBXNativeTarget section */

/* Begin PBXProject section */
		DF6071AB2C385C3D00441879 /* Project object */ = {
			isa = PBXProject;
			attributes = {
				BuildIndependentTargetsInParallel = 1;
				LastSwiftUpdateCheck = 1530;
				LastUpgradeCheck = 1530;
				TargetAttributes = {
					DF6071B22C385C3D00441879 = {
						CreatedOnToolsVersion = 15.3;
					};
					DF6071C82C385C3F00441879 = {
						CreatedOnToolsVersion = 15.3;
						TestTargetID = DF6071B22C385C3D00441879;
					};
					DF6071D22C385C3F00441879 = {
						CreatedOnToolsVersion = 15.3;
						TestTargetID = DF6071B22C385C3D00441879;
					};
				};
			};
			buildConfigurationList = DF6071AE2C385C3D00441879 /* Build configuration list for PBXProject "experiment" */;
			compatibilityVersion = "Xcode 14.0";
			developmentRegion = en;
			hasScannedForEncodings = 0;
			knownRegions = (
				en,
				Base,
			);
			mainGroup = DF6071AA2C385C3D00441879;
			productRefGroup = DF6071B42C385C3D00441879 /* Products */;
			projectDirPath = "";
			projectRoot = "";
			targets = (
				DF6071B22C385C3D00441879 /* experiment */,
				DF6071C82C385C3F00441879 /* experimentTests */,
				DF6071D22C385C3F00441879 /* experimentUITests */,
			);
		};
/* End PBXProject section */

/* Begin PBXResourcesBuildPhase section */
		DF6071B12C385C3D00441879 /* Resources */ = {
			isa = PBXResourcesBuildPhase;
			buildActionMask = 2147483647;
			files = (
				DF8AC83B2D2ED0A000B9D313 /* OptionViewCell.xib in Resources */,
				DF4413CE2D286FC1005CA60F /* LogoutAlertView.xib in Resources */,
				DF96E7332D1A87B0006E843D /* Manrope-Bold.ttf in Resources */,
				DF375C892D2D996C002C7D3D /* SizeViewCell.xib in Resources */,
				DF97CA792D241CF2008E9222 /* EventViewCell.xib in Resources */,
				DF96E7342D1A87B0006E843D /* Manrope-Regular.ttf in Resources */,
				DF375C832D2D8CD4002C7D3D /* SearchViewCell.xib in Resources */,
				DF4CF9492D215CBA00092678 /* PremiumViewCell.xib in Resources */,
				DFC9BF672D257B2B00A607D8 /* CartViewCell.xib in Resources */,
				DF6071C02C385C3F00441879 /* Assets.xcassets in Resources */,
				DF97CA752D241459008E9222 /* PerfectViewCell.xib in Resources */,
				DF4CF93E2D20165A00092678 /* Main.storyboard in Resources */,
				DF96E7362D1A87B0006E843D /* Manrope-Medium.ttf in Resources */,
				DF7BA5A62D2EBDAD00069DC2 /* ColorViewCell.xib in Resources */,
				DF4CF9422D20711100092678 /* PersonalizeViewCell.xib in Resources */,
				DF6071C32C385C3F00441879 /* Base in Resources */,
				DF4B65E42D232873000CB52D /* CodeCollectionViewCell.xib in Resources */,
				DF96E7352D1A87B0006E843D /* Manrope-SemiBold.ttf in Resources */,
				DF8AC8462D2EEDF000B9D313 /* OptionHeaderView.xib in Resources */,
				DF6071BE2C385C3D00441879 /* Base in Resources */,
			);
			runOnlyForDeploymentPostprocessing = 0;
		};
		DF6071C72C385C3F00441879 /* Resources */ = {
			isa = PBXResourcesBuildPhase;
			buildActionMask = 2147483647;
			files = (
			);
			runOnlyForDeploymentPostprocessing = 0;
		};
		DF6071D12C385C3F00441879 /* Resources */ = {
			isa = PBXResourcesBuildPhase;
			buildActionMask = 2147483647;
			files = (
			);
			runOnlyForDeploymentPostprocessing = 0;
		};
/* End PBXResourcesBuildPhase section */

/* Begin PBXShellScriptBuildPhase section */
		8ECB55D95B4AD03C246C804D /* [CP] Check Pods Manifest.lock */ = {
			isa = PBXShellScriptBuildPhase;
			buildActionMask = 2147483647;
			files = (
			);
			inputFileListPaths = (
			);
			inputPaths = (
				"${PODS_PODFILE_DIR_PATH}/Podfile.lock",
				"${PODS_ROOT}/Manifest.lock",
			);
			name = "[CP] Check Pods Manifest.lock";
			outputFileListPaths = (
			);
			outputPaths = (
				"$(DERIVED_FILE_DIR)/Pods-experiment-checkManifestLockResult.txt",
			);
			runOnlyForDeploymentPostprocessing = 0;
			shellPath = /bin/sh;
			shellScript = "diff \"${PODS_PODFILE_DIR_PATH}/Podfile.lock\" \"${PODS_ROOT}/Manifest.lock\" > /dev/null\nif [ $? != 0 ] ; then\n    # print error to STDERR\n    echo \"error: The sandbox is not in sync with the Podfile.lock. Run 'pod install' or update your CocoaPods installation.\" >&2\n    exit 1\nfi\n# This output is used by Xcode 'outputs' to avoid re-running this script phase.\necho \"SUCCESS\" > \"${SCRIPT_OUTPUT_FILE_0}\"\n";
			showEnvVarsInLog = 0;
		};
		92970822057FACB7D7D8ECD4 /* [CP] Check Pods Manifest.lock */ = {
			isa = PBXShellScriptBuildPhase;
			buildActionMask = 2147483647;
			files = (
			);
			inputFileListPaths = (
			);
			inputPaths = (
				"${PODS_PODFILE_DIR_PATH}/Podfile.lock",
				"${PODS_ROOT}/Manifest.lock",
			);
			name = "[CP] Check Pods Manifest.lock";
			outputFileListPaths = (
			);
			outputPaths = (
				"$(DERIVED_FILE_DIR)/Pods-experiment-experimentUITests-checkManifestLockResult.txt",
			);
			runOnlyForDeploymentPostprocessing = 0;
			shellPath = /bin/sh;
			shellScript = "diff \"${PODS_PODFILE_DIR_PATH}/Podfile.lock\" \"${PODS_ROOT}/Manifest.lock\" > /dev/null\nif [ $? != 0 ] ; then\n    # print error to STDERR\n    echo \"error: The sandbox is not in sync with the Podfile.lock. Run 'pod install' or update your CocoaPods installation.\" >&2\n    exit 1\nfi\n# This output is used by Xcode 'outputs' to avoid re-running this script phase.\necho \"SUCCESS\" > \"${SCRIPT_OUTPUT_FILE_0}\"\n";
			showEnvVarsInLog = 0;
		};
		F87D4D4F31527BC256C152D8 /* [CP] Check Pods Manifest.lock */ = {
			isa = PBXShellScriptBuildPhase;
			buildActionMask = 2147483647;
			files = (
			);
			inputFileListPaths = (
			);
			inputPaths = (
				"${PODS_PODFILE_DIR_PATH}/Podfile.lock",
				"${PODS_ROOT}/Manifest.lock",
			);
			name = "[CP] Check Pods Manifest.lock";
			outputFileListPaths = (
			);
			outputPaths = (
				"$(DERIVED_FILE_DIR)/Pods-experimentTests-checkManifestLockResult.txt",
			);
			runOnlyForDeploymentPostprocessing = 0;
			shellPath = /bin/sh;
			shellScript = "diff \"${PODS_PODFILE_DIR_PATH}/Podfile.lock\" \"${PODS_ROOT}/Manifest.lock\" > /dev/null\nif [ $? != 0 ] ; then\n    # print error to STDERR\n    echo \"error: The sandbox is not in sync with the Podfile.lock. Run 'pod install' or update your CocoaPods installation.\" >&2\n    exit 1\nfi\n# This output is used by Xcode 'outputs' to avoid re-running this script phase.\necho \"SUCCESS\" > \"${SCRIPT_OUTPUT_FILE_0}\"\n";
			showEnvVarsInLog = 0;
		};
/* End PBXShellScriptBuildPhase section */

/* Begin PBXSourcesBuildPhase section */
		DF6071AF2C385C3D00441879 /* Sources */ = {
			isa = PBXSourcesBuildPhase;
			buildActionMask = 2147483647;
			files = (
				DF375C852D2D95F7002C7D3D /* DetailViewController.swift in Sources */,
				DF375C822D2D8CD4002C7D3D /* SearchViewCell.swift in Sources */,
				DFA00B162D29C2A70042167A /* SearchViewController.swift in Sources */,
				DFF815942D1D995300596C5B /* UIApplication.swift in Sources */,
				DF7BA5A52D2EBDAD00069DC2 /* ColorViewCell.swift in Sources */,
				DFD5CEDB2D22F56D001F3A51 /* SocialRound.swift in Sources */,
				DFA00B182D2A99AC0042167A /* InputStyle.swift in Sources */,
				DF4CF9482D215CBA00092678 /* PremiumViewCell.swift in Sources */,
				DF4413D52D2939A5005CA60F /* ButtonStyle.swift in Sources */,
				DFF815A42D20049D00596C5B /* UICircleView.swift in Sources */,
				DF4CF9442D211FAF00092678 /* SubscriptionViewCellViewController.swift in Sources */,
				DF4B65E52D232873000CB52D /* CodeCollectionViewCell.swift in Sources */,
				DF4413D02D2873E2005CA60F /* ProfileViewController.swift in Sources */,
				DF97CA762D241459008E9222 /* PerfectViewCell.swift in Sources */,
				DF8AC8442D2EEDE000B9D313 /* OptionHeaderView.swift in Sources */,
				DF375C882D2D996C002C7D3D /* SizeViewCell.swift in Sources */,
				DFC9BF692D257BC500A607D8 /* CartViewController.swift in Sources */,
				DFE2E2392D0D5A5400D93079 /* LoginViewController.swift in Sources */,
				DFE2E23B2D0D5A7900D93079 /* WelcomeViewController.swift in Sources */,
				DF97CA7A2D241CF2008E9222 /* EventViewCell.swift in Sources */,
				DF4413CC2D286F5D005CA60F /* LogoutAlertView.swift in Sources */,
				DFC9BF662D257B2B00A607D8 /* CartViewCell.swift in Sources */,
				DF6071BB2C385C3D00441879 /* ViewController.swift in Sources */,
				DFD05E572D15DE9900DC8D31 /* UIInputField.swift in Sources */,
				DF8AC83C2D2ED0A000B9D313 /* OptionViewCell.swift in Sources */,
				DFF8159D2D1DE47E00596C5B /* UICCollectionViewCell.swift in Sources */,
				DFF8159F2D1DE59700596C5B /* Posts.swift in Sources */,
				DF4413D32D2936A2005CA60F /* ViewStyle.swift in Sources */,
				DF6071B72C385C3D00441879 /* AppDelegate.swift in Sources */,
				DFF815A62D20128B00596C5B /* PersonalizedViewController.swift in Sources */,
				DFF8158E2D1D8ADF00596C5B /* ApiService.swift in Sources */,
				DFD5CED92D22EA9E001F3A51 /* OnboardViewController.swift in Sources */,
				DF97CA722D2403E8008E9222 /* ExploreViewControllver.swift in Sources */,
				DF4CF9412D20711100092678 /* PersonalizeViewCell.swift in Sources */,
				DF4B65E12D231F8F000CB52D /* VerifyViewController.swift in Sources */,
				DF6071B92C385C3D00441879 /* SceneDelegate.swift in Sources */,
				DFF815982D1DA19C00596C5B /* UICButton.swift in Sources */,
			);
			runOnlyForDeploymentPostprocessing = 0;
		};
		DF6071C52C385C3F00441879 /* Sources */ = {
			isa = PBXSourcesBuildPhase;
			buildActionMask = 2147483647;
			files = (
				DF6071CE2C385C3F00441879 /* experimentTests.swift in Sources */,
			);
			runOnlyForDeploymentPostprocessing = 0;
		};
		DF6071CF2C385C3F00441879 /* Sources */ = {
			isa = PBXSourcesBuildPhase;
			buildActionMask = 2147483647;
			files = (
				DF6071D82C385C3F00441879 /* experimentUITests.swift in Sources */,
				DF6071DA2C385C3F00441879 /* experimentUITestsLaunchTests.swift in Sources */,
			);
			runOnlyForDeploymentPostprocessing = 0;
		};
/* End PBXSourcesBuildPhase section */

/* Begin PBXTargetDependency section */
		DF6071CB2C385C3F00441879 /* PBXTargetDependency */ = {
			isa = PBXTargetDependency;
			target = DF6071B22C385C3D00441879 /* experiment */;
			targetProxy = DF6071CA2C385C3F00441879 /* PBXContainerItemProxy */;
		};
		DF6071D52C385C3F00441879 /* PBXTargetDependency */ = {
			isa = PBXTargetDependency;
			target = DF6071B22C385C3D00441879 /* experiment */;
			targetProxy = DF6071D42C385C3F00441879 /* PBXContainerItemProxy */;
		};
/* End PBXTargetDependency section */

/* Begin PBXVariantGroup section */
		DF6071BC2C385C3D00441879 /* Main.storyboard */ = {
			isa = PBXVariantGroup;
			children = (
				DF6071BD2C385C3D00441879 /* Base */,
			);
			name = Main.storyboard;
			sourceTree = "<group>";
		};
		DF6071C12C385C3F00441879 /* LaunchScreen.storyboard */ = {
			isa = PBXVariantGroup;
			children = (
				DF6071C22C385C3F00441879 /* Base */,
			);
			name = LaunchScreen.storyboard;
			sourceTree = "<group>";
		};
/* End PBXVariantGroup section */

/* Begin XCBuildConfiguration section */
		DF6071DB2C385C3F00441879 /* Debug */ = {
			isa = XCBuildConfiguration;
			buildSettings = {
				ALWAYS_SEARCH_USER_PATHS = NO;
				ASSETCATALOG_COMPILER_GENERATE_SWIFT_ASSET_SYMBOL_EXTENSIONS = YES;
				CLANG_ANALYZER_NONNULL = YES;
				CLANG_ANALYZER_NUMBER_OBJECT_CONVERSION = YES_AGGRESSIVE;
				CLANG_CXX_LANGUAGE_STANDARD = "gnu++20";
				CLANG_ENABLE_MODULES = YES;
				CLANG_ENABLE_OBJC_ARC = YES;
				CLANG_ENABLE_OBJC_WEAK = YES;
				CLANG_WARN_BLOCK_CAPTURE_AUTORELEASING = YES;
				CLANG_WARN_BOOL_CONVERSION = YES;
				CLANG_WARN_COMMA = YES;
				CLANG_WARN_CONSTANT_CONVERSION = YES;
				CLANG_WARN_DEPRECATED_OBJC_IMPLEMENTATIONS = YES;
				CLANG_WARN_DIRECT_OBJC_ISA_USAGE = YES_ERROR;
				CLANG_WARN_DOCUMENTATION_COMMENTS = YES;
				CLANG_WARN_EMPTY_BODY = YES;
				CLANG_WARN_ENUM_CONVERSION = YES;
				CLANG_WARN_INFINITE_RECURSION = YES;
				CLANG_WARN_INT_CONVERSION = YES;
				CLANG_WARN_NON_LITERAL_NULL_CONVERSION = YES;
				CLANG_WARN_OBJC_IMPLICIT_RETAIN_SELF = YES;
				CLANG_WARN_OBJC_LITERAL_CONVERSION = YES;
				CLANG_WARN_OBJC_ROOT_CLASS = YES_ERROR;
				CLANG_WARN_QUOTED_INCLUDE_IN_FRAMEWORK_HEADER = YES;
				CLANG_WARN_RANGE_LOOP_ANALYSIS = YES;
				CLANG_WARN_STRICT_PROTOTYPES = YES;
				CLANG_WARN_SUSPICIOUS_MOVE = YES;
				CLANG_WARN_UNGUARDED_AVAILABILITY = YES_AGGRESSIVE;
				CLANG_WARN_UNREACHABLE_CODE = YES;
				CLANG_WARN__DUPLICATE_METHOD_MATCH = YES;
				COPY_PHASE_STRIP = NO;
				DEBUG_INFORMATION_FORMAT = dwarf;
				ENABLE_STRICT_OBJC_MSGSEND = YES;
				ENABLE_TESTABILITY = YES;
				ENABLE_USER_SCRIPT_SANDBOXING = YES;
				GCC_C_LANGUAGE_STANDARD = gnu17;
				GCC_DYNAMIC_NO_PIC = NO;
				GCC_NO_COMMON_BLOCKS = YES;
				GCC_OPTIMIZATION_LEVEL = 0;
				GCC_PREPROCESSOR_DEFINITIONS = (
					"DEBUG=1",
					"$(inherited)",
				);
				GCC_WARN_64_TO_32_BIT_CONVERSION = YES;
				GCC_WARN_ABOUT_RETURN_TYPE = YES_ERROR;
				GCC_WARN_UNDECLARED_SELECTOR = YES;
				GCC_WARN_UNINITIALIZED_AUTOS = YES_AGGRESSIVE;
				GCC_WARN_UNUSED_FUNCTION = YES;
				GCC_WARN_UNUSED_VARIABLE = YES;
				IPHONEOS_DEPLOYMENT_TARGET = 17.4;
				LOCALIZATION_PREFERS_STRING_CATALOGS = YES;
				MTL_ENABLE_DEBUG_INFO = INCLUDE_SOURCE;
				MTL_FAST_MATH = YES;
				ONLY_ACTIVE_ARCH = YES;
				SDKROOT = iphoneos;
				SWIFT_ACTIVE_COMPILATION_CONDITIONS = "DEBUG $(inherited)";
				SWIFT_OPTIMIZATION_LEVEL = "-Onone";
			};
			name = Debug;
		};
		DF6071DC2C385C3F00441879 /* Release */ = {
			isa = XCBuildConfiguration;
			buildSettings = {
				ALWAYS_SEARCH_USER_PATHS = NO;
				ASSETCATALOG_COMPILER_GENERATE_SWIFT_ASSET_SYMBOL_EXTENSIONS = YES;
				CLANG_ANALYZER_NONNULL = YES;
				CLANG_ANALYZER_NUMBER_OBJECT_CONVERSION = YES_AGGRESSIVE;
				CLANG_CXX_LANGUAGE_STANDARD = "gnu++20";
				CLANG_ENABLE_MODULES = YES;
				CLANG_ENABLE_OBJC_ARC = YES;
				CLANG_ENABLE_OBJC_WEAK = YES;
				CLANG_WARN_BLOCK_CAPTURE_AUTORELEASING = YES;
				CLANG_WARN_BOOL_CONVERSION = YES;
				CLANG_WARN_COMMA = YES;
				CLANG_WARN_CONSTANT_CONVERSION = YES;
				CLANG_WARN_DEPRECATED_OBJC_IMPLEMENTATIONS = YES;
				CLANG_WARN_DIRECT_OBJC_ISA_USAGE = YES_ERROR;
				CLANG_WARN_DOCUMENTATION_COMMENTS = YES;
				CLANG_WARN_EMPTY_BODY = YES;
				CLANG_WARN_ENUM_CONVERSION = YES;
				CLANG_WARN_INFINITE_RECURSION = YES;
				CLANG_WARN_INT_CONVERSION = YES;
				CLANG_WARN_NON_LITERAL_NULL_CONVERSION = YES;
				CLANG_WARN_OBJC_IMPLICIT_RETAIN_SELF = YES;
				CLANG_WARN_OBJC_LITERAL_CONVERSION = YES;
				CLANG_WARN_OBJC_ROOT_CLASS = YES_ERROR;
				CLANG_WARN_QUOTED_INCLUDE_IN_FRAMEWORK_HEADER = YES;
				CLANG_WARN_RANGE_LOOP_ANALYSIS = YES;
				CLANG_WARN_STRICT_PROTOTYPES = YES;
				CLANG_WARN_SUSPICIOUS_MOVE = YES;
				CLANG_WARN_UNGUARDED_AVAILABILITY = YES_AGGRESSIVE;
				CLANG_WARN_UNREACHABLE_CODE = YES;
				CLANG_WARN__DUPLICATE_METHOD_MATCH = YES;
				COPY_PHASE_STRIP = NO;
				DEBUG_INFORMATION_FORMAT = "dwarf-with-dsym";
				ENABLE_NS_ASSERTIONS = NO;
				ENABLE_STRICT_OBJC_MSGSEND = YES;
				ENABLE_USER_SCRIPT_SANDBOXING = YES;
				GCC_C_LANGUAGE_STANDARD = gnu17;
				GCC_NO_COMMON_BLOCKS = YES;
				GCC_WARN_64_TO_32_BIT_CONVERSION = YES;
				GCC_WARN_ABOUT_RETURN_TYPE = YES_ERROR;
				GCC_WARN_UNDECLARED_SELECTOR = YES;
				GCC_WARN_UNINITIALIZED_AUTOS = YES_AGGRESSIVE;
				GCC_WARN_UNUSED_FUNCTION = YES;
				GCC_WARN_UNUSED_VARIABLE = YES;
				IPHONEOS_DEPLOYMENT_TARGET = 17.4;
				LOCALIZATION_PREFERS_STRING_CATALOGS = YES;
				MTL_ENABLE_DEBUG_INFO = NO;
				MTL_FAST_MATH = YES;
				SDKROOT = iphoneos;
				SWIFT_COMPILATION_MODE = wholemodule;
				VALIDATE_PRODUCT = YES;
			};
			name = Release;
		};
		DF6071DE2C385C3F00441879 /* Debug */ = {
			isa = XCBuildConfiguration;
			baseConfigurationReference = 25CFD0055C46287537F4828C /* Pods-experiment.debug.xcconfig */;
			buildSettings = {
				ASSETCATALOG_COMPILER_APPICON_NAME = AppIcon;
				ASSETCATALOG_COMPILER_GLOBAL_ACCENT_COLOR_NAME = AccentColor;
				CODE_SIGN_STYLE = Automatic;
				CURRENT_PROJECT_VERSION = 1;
				GENERATE_INFOPLIST_FILE = YES;
				INFOPLIST_FILE = experiment/Info.plist;
				INFOPLIST_KEY_UIApplicationSupportsIndirectInputEvents = YES;
				INFOPLIST_KEY_UILaunchStoryboardName = LaunchScreen;
				INFOPLIST_KEY_UIMainStoryboardFile = Main;
				INFOPLIST_KEY_UISupportedInterfaceOrientations_iPad = "UIInterfaceOrientationPortrait UIInterfaceOrientationPortraitUpsideDown UIInterfaceOrientationLandscapeLeft UIInterfaceOrientationLandscapeRight";
				INFOPLIST_KEY_UISupportedInterfaceOrientations_iPhone = "UIInterfaceOrientationPortrait UIInterfaceOrientationLandscapeLeft UIInterfaceOrientationLandscapeRight";
				LD_RUNPATH_SEARCH_PATHS = (
					"$(inherited)",
					"@executable_path/Frameworks",
				);
				MARKETING_VERSION = 1.0;
				PRODUCT_BUNDLE_IDENTIFIER = com.experiment.experiment;
				PRODUCT_NAME = "$(TARGET_NAME)";
				SWIFT_EMIT_LOC_STRINGS = YES;
				SWIFT_VERSION = 5.0;
				TARGETED_DEVICE_FAMILY = "1,2";
			};
			name = Debug;
		};
		DF6071DF2C385C3F00441879 /* Release */ = {
			isa = XCBuildConfiguration;
			baseConfigurationReference = D8B24BFBA085E02BFFCB7BE0 /* Pods-experiment.release.xcconfig */;
			buildSettings = {
				ASSETCATALOG_COMPILER_APPICON_NAME = AppIcon;
				ASSETCATALOG_COMPILER_GLOBAL_ACCENT_COLOR_NAME = AccentColor;
				CODE_SIGN_STYLE = Automatic;
				CURRENT_PROJECT_VERSION = 1;
				GENERATE_INFOPLIST_FILE = YES;
				INFOPLIST_FILE = experiment/Info.plist;
				INFOPLIST_KEY_UIApplicationSupportsIndirectInputEvents = YES;
				INFOPLIST_KEY_UILaunchStoryboardName = LaunchScreen;
				INFOPLIST_KEY_UIMainStoryboardFile = Main;
				INFOPLIST_KEY_UISupportedInterfaceOrientations_iPad = "UIInterfaceOrientationPortrait UIInterfaceOrientationPortraitUpsideDown UIInterfaceOrientationLandscapeLeft UIInterfaceOrientationLandscapeRight";
				INFOPLIST_KEY_UISupportedInterfaceOrientations_iPhone = "UIInterfaceOrientationPortrait UIInterfaceOrientationLandscapeLeft UIInterfaceOrientationLandscapeRight";
				LD_RUNPATH_SEARCH_PATHS = (
					"$(inherited)",
					"@executable_path/Frameworks",
				);
				MARKETING_VERSION = 1.0;
				PRODUCT_BUNDLE_IDENTIFIER = com.experiment.experiment;
				PRODUCT_NAME = "$(TARGET_NAME)";
				SWIFT_EMIT_LOC_STRINGS = YES;
				SWIFT_VERSION = 5.0;
				TARGETED_DEVICE_FAMILY = "1,2";
			};
			name = Release;
		};
		DF6071E12C385C3F00441879 /* Debug */ = {
			isa = XCBuildConfiguration;
			baseConfigurationReference = 0771AABDEA859F82B2B81B23 /* Pods-experimentTests.debug.xcconfig */;
			buildSettings = {
				ALWAYS_EMBED_SWIFT_STANDARD_LIBRARIES = YES;
				BUNDLE_LOADER = "$(TEST_HOST)";
				CODE_SIGN_STYLE = Automatic;
				CURRENT_PROJECT_VERSION = 1;
				GENERATE_INFOPLIST_FILE = YES;
				IPHONEOS_DEPLOYMENT_TARGET = 17.4;
				MARKETING_VERSION = 1.0;
				PRODUCT_BUNDLE_IDENTIFIER = com.experiment.experimentTests;
				PRODUCT_NAME = "$(TARGET_NAME)";
				SWIFT_EMIT_LOC_STRINGS = NO;
				SWIFT_VERSION = 5.0;
				TARGETED_DEVICE_FAMILY = "1,2";
				TEST_HOST = "$(BUILT_PRODUCTS_DIR)/experiment.app/$(BUNDLE_EXECUTABLE_FOLDER_PATH)/experiment";
			};
			name = Debug;
		};
		DF6071E22C385C3F00441879 /* Release */ = {
			isa = XCBuildConfiguration;
			baseConfigurationReference = B182F3B18B52445DB4789604 /* Pods-experimentTests.release.xcconfig */;
			buildSettings = {
				ALWAYS_EMBED_SWIFT_STANDARD_LIBRARIES = YES;
				BUNDLE_LOADER = "$(TEST_HOST)";
				CODE_SIGN_STYLE = Automatic;
				CURRENT_PROJECT_VERSION = 1;
				GENERATE_INFOPLIST_FILE = YES;
				IPHONEOS_DEPLOYMENT_TARGET = 17.4;
				MARKETING_VERSION = 1.0;
				PRODUCT_BUNDLE_IDENTIFIER = com.experiment.experimentTests;
				PRODUCT_NAME = "$(TARGET_NAME)";
				SWIFT_EMIT_LOC_STRINGS = NO;
				SWIFT_VERSION = 5.0;
				TARGETED_DEVICE_FAMILY = "1,2";
				TEST_HOST = "$(BUILT_PRODUCTS_DIR)/experiment.app/$(BUNDLE_EXECUTABLE_FOLDER_PATH)/experiment";
			};
			name = Release;
		};
		DF6071E42C385C3F00441879 /* Debug */ = {
			isa = XCBuildConfiguration;
			baseConfigurationReference = C329E49C8BE21E52406A478B /* Pods-experiment-experimentUITests.debug.xcconfig */;
			buildSettings = {
				ALWAYS_EMBED_SWIFT_STANDARD_LIBRARIES = YES;
				CODE_SIGN_STYLE = Automatic;
				CURRENT_PROJECT_VERSION = 1;
				GENERATE_INFOPLIST_FILE = YES;
				MARKETING_VERSION = 1.0;
				PRODUCT_BUNDLE_IDENTIFIER = com.experiment.experimentUITests;
				PRODUCT_NAME = "$(TARGET_NAME)";
				SWIFT_EMIT_LOC_STRINGS = NO;
				SWIFT_VERSION = 5.0;
				TARGETED_DEVICE_FAMILY = "1,2";
				TEST_TARGET_NAME = experiment;
			};
			name = Debug;
		};
		DF6071E52C385C3F00441879 /* Release */ = {
			isa = XCBuildConfiguration;
			baseConfigurationReference = D64021ACA49526BB0C25C583 /* Pods-experiment-experimentUITests.release.xcconfig */;
			buildSettings = {
				ALWAYS_EMBED_SWIFT_STANDARD_LIBRARIES = YES;
				CODE_SIGN_STYLE = Automatic;
				CURRENT_PROJECT_VERSION = 1;
				GENERATE_INFOPLIST_FILE = YES;
				MARKETING_VERSION = 1.0;
				PRODUCT_BUNDLE_IDENTIFIER = com.experiment.experimentUITests;
				PRODUCT_NAME = "$(TARGET_NAME)";
				SWIFT_EMIT_LOC_STRINGS = NO;
				SWIFT_VERSION = 5.0;
				TARGETED_DEVICE_FAMILY = "1,2";
				TEST_TARGET_NAME = experiment;
			};
			name = Release;
		};
/* End XCBuildConfiguration section */

/* Begin XCConfigurationList section */
		DF6071AE2C385C3D00441879 /* Build configuration list for PBXProject "experiment" */ = {
			isa = XCConfigurationList;
			buildConfigurations = (
				DF6071DB2C385C3F00441879 /* Debug */,
				DF6071DC2C385C3F00441879 /* Release */,
			);
			defaultConfigurationIsVisible = 0;
			defaultConfigurationName = Release;
		};
		DF6071DD2C385C3F00441879 /* Build configuration list for PBXNativeTarget "experiment" */ = {
			isa = XCConfigurationList;
			buildConfigurations = (
				DF6071DE2C385C3F00441879 /* Debug */,
				DF6071DF2C385C3F00441879 /* Release */,
			);
			defaultConfigurationIsVisible = 0;
			defaultConfigurationName = Release;
		};
		DF6071E02C385C3F00441879 /* Build configuration list for PBXNativeTarget "experimentTests" */ = {
			isa = XCConfigurationList;
			buildConfigurations = (
				DF6071E12C385C3F00441879 /* Debug */,
				DF6071E22C385C3F00441879 /* Release */,
			);
			defaultConfigurationIsVisible = 0;
			defaultConfigurationName = Release;
		};
		DF6071E32C385C3F00441879 /* Build configuration list for PBXNativeTarget "experimentUITests" */ = {
			isa = XCConfigurationList;
			buildConfigurations = (
				DF6071E42C385C3F00441879 /* Debug */,
				DF6071E52C385C3F00441879 /* Release */,
			);
			defaultConfigurationIsVisible = 0;
			defaultConfigurationName = Release;
		};
/* End XCConfigurationList section */
	};
	rootObject = DF6071AB2C385C3D00441879 /* Project object */;
}
